
Microsoft Visual Studio Solution File, Format Version 12.00
# Visual Studio Version 17
VisualStudioVersion = 17.1.32319.34
MinimumVisualStudioVersion = 10.0.40219.1
Project("{9A19103F-16F7-4668-BE54-9A1E7A4F7556}") = "Chess", "Chess\Chess.csproj", "{81F1CA06-A91E-4577-A8F2-49D12957B22C}"
EndProject
Global
	GlobalSection(SolutionConfigurationPlatforms) = preSolution
		Debug|Any CPU = Debug|Any CPU
		Release|Any CPU = Release|Any CPU
	EndGlobalSection
	GlobalSection(ProjectConfigurationPlatforms) = postSolution
		{81F1CA06-A91E-4577-A8F2-49D12957B22C}.Debug|Any CPU.ActiveCfg = Debug|Any CPU
		{81F1CA06-A91E-4577-A8F2-49D12957B22C}.Debug|Any CPU.Build.0 = Debug|Any CPU
		{81F1CA06-A91E-4577-A8F2-49D12957B22C}.Release|Any CPU.ActiveCfg = Release|Any CPU
		{81F1CA06-A91E-4577-A8F2-49D12957B22C}.Release|Any CPU.Build.0 = Release|Any CPU
	EndGlobalSection
	GlobalSection(SolutionProperties) = preSolution
		HideSolutionNode = FALSE
	EndGlobalSection
	GlobalSection(ExtensibilityGlobals) = postSolution
		SolutionGuid = {0AFFB22A-012D-49E5-9FD2-07FF875236A7}
	EndGlobalSection
EndGlobal
